
Microsoft Visual Studio Solution File, Format Version 12.00
# Visual Studio Version 17
VisualStudioVersion = 17.11.35327.3
MinimumVisualStudioVersion = 10.0.40219.1
Project("{8BC9CEB8-8B4A-11D0-8D11-00A0C91BC942}") = "المشكله رقم 9 في الكورس الخامس", "المشكله رقم 9 في الكورس الخامس\المشكله رقم 9 في الكورس الخامس.vcxproj", "{7FF54986-53EF-4443-AD54-A8219DFB94FF}"
EndProject
Global
	GlobalSection(SolutionConfigurationPlatforms) = preSolution
		Debug|x64 = Debug|x64
		Debug|x86 = Debug|x86
		Release|x64 = Release|x64
		Release|x86 = Release|x86
	EndGlobalSection
	GlobalSection(ProjectConfigurationPlatforms) = postSolution
		{7FF54986-53EF-4443-AD54-A8219DFB94FF}.Debug|x64.ActiveCfg = Debug|x64
		{7FF54986-53EF-4443-AD54-A8219DFB94FF}.Debug|x64.Build.0 = Debug|x64
		{7FF54986-53EF-4443-AD54-A8219DFB94FF}.Debug|x86.ActiveCfg = Debug|Win32
		{7FF54986-53EF-4443-AD54-A8219DFB94FF}.Debug|x86.Build.0 = Debug|Win32
		{7FF54986-53EF-4443-AD54-A8219DFB94FF}.Release|x64.ActiveCfg = Release|x64
		{7FF54986-53EF-4443-AD54-A8219DFB94FF}.Release|x64.Build.0 = Release|x64
		{7FF54986-53EF-4443-AD54-A8219DFB94FF}.Release|x86.ActiveCfg = Release|Win32
		{7FF54986-53EF-4443-AD54-A8219DFB94FF}.Release|x86.Build.0 = Release|Win32
	EndGlobalSection
	GlobalSection(SolutionProperties) = preSolution
		HideSolutionNode = FALSE
	EndGlobalSection
	GlobalSection(ExtensibilityGlobals) = postSolution
		SolutionGuid = {DF946643-22F6-4B33-9767-D04FD8FE11DC}
	EndGlobalSection
EndGlobal
