
Microsoft Visual Studio Solution File, Format Version 12.00
# Visual Studio Version 17
VisualStudioVersion = 17.12.35527.113 d17.12
MinimumVisualStudioVersion = 10.0.40219.1
Project("{8BC9CEB8-8B4A-11D0-8D11-00A0C91BC942}") = "المشكله رقم 40 في الكورس الخامس", "المشكله رقم 40 في الكورس الخامس\المشكله رقم 40 في الكورس الخامس.vcxproj", "{DEC1E58D-C1EE-4539-9C98-30ECFF9B4F4B}"
EndProject
Global
	GlobalSection(SolutionConfigurationPlatforms) = preSolution
		Debug|x64 = Debug|x64
		Debug|x86 = Debug|x86
		Release|x64 = Release|x64
		Release|x86 = Release|x86
	EndGlobalSection
	GlobalSection(ProjectConfigurationPlatforms) = postSolution
		{DEC1E58D-C1EE-4539-9C98-30ECFF9B4F4B}.Debug|x64.ActiveCfg = Debug|x64
		{DEC1E58D-C1EE-4539-9C98-30ECFF9B4F4B}.Debug|x64.Build.0 = Debug|x64
		{DEC1E58D-C1EE-4539-9C98-30ECFF9B4F4B}.Debug|x86.ActiveCfg = Debug|Win32
		{DEC1E58D-C1EE-4539-9C98-30ECFF9B4F4B}.Debug|x86.Build.0 = Debug|Win32
		{DEC1E58D-C1EE-4539-9C98-30ECFF9B4F4B}.Release|x64.ActiveCfg = Release|x64
		{DEC1E58D-C1EE-4539-9C98-30ECFF9B4F4B}.Release|x64.Build.0 = Release|x64
		{DEC1E58D-C1EE-4539-9C98-30ECFF9B4F4B}.Release|x86.ActiveCfg = Release|Win32
		{DEC1E58D-C1EE-4539-9C98-30ECFF9B4F4B}.Release|x86.Build.0 = Release|Win32
	EndGlobalSection
	GlobalSection(SolutionProperties) = preSolution
		HideSolutionNode = FALSE
	EndGlobalSection
EndGlobal
