
Microsoft Visual Studio Solution File, Format Version 12.00
# Visual Studio Version 17
VisualStudioVersion = 17.11.35327.3
MinimumVisualStudioVersion = 10.0.40219.1
Project("{8BC9CEB8-8B4A-11D0-8D11-00A0C91BC942}") = "المشكله رقم 34 في الكورس الخامس", "المشكله رقم 34 في الكورس الخامس\المشكله رقم 34 في الكورس الخامس.vcxproj", "{ADDFBB55-2891-4790-B66C-78B6778FC4DA}"
EndProject
Global
	GlobalSection(SolutionConfigurationPlatforms) = preSolution
		Debug|x64 = Debug|x64
		Debug|x86 = Debug|x86
		Release|x64 = Release|x64
		Release|x86 = Release|x86
	EndGlobalSection
	GlobalSection(ProjectConfigurationPlatforms) = postSolution
		{ADDFBB55-2891-4790-B66C-78B6778FC4DA}.Debug|x64.ActiveCfg = Debug|x64
		{ADDFBB55-2891-4790-B66C-78B6778FC4DA}.Debug|x64.Build.0 = Debug|x64
		{ADDFBB55-2891-4790-B66C-78B6778FC4DA}.Debug|x86.ActiveCfg = Debug|Win32
		{ADDFBB55-2891-4790-B66C-78B6778FC4DA}.Debug|x86.Build.0 = Debug|Win32
		{ADDFBB55-2891-4790-B66C-78B6778FC4DA}.Release|x64.ActiveCfg = Release|x64
		{ADDFBB55-2891-4790-B66C-78B6778FC4DA}.Release|x64.Build.0 = Release|x64
		{ADDFBB55-2891-4790-B66C-78B6778FC4DA}.Release|x86.ActiveCfg = Release|Win32
		{ADDFBB55-2891-4790-B66C-78B6778FC4DA}.Release|x86.Build.0 = Release|Win32
	EndGlobalSection
	GlobalSection(SolutionProperties) = preSolution
		HideSolutionNode = FALSE
	EndGlobalSection
	GlobalSection(ExtensibilityGlobals) = postSolution
		SolutionGuid = {312583C5-F59E-49BD-A658-3CBD6AB632E2}
	EndGlobalSection
EndGlobal
